Microsoft Visual Studio Solution File, Format Version 12.00
# Visual Studio Version 17
VisualStudioVersion = 17.0.31903.59
MinimumVisualStudioVersion = 10.0.40219.1
Project("{FAE04EC0-301F-11D3-BF4B-00C04F79EFBC}") = "Caching.Framework", "src\Caching.Framework\Caching.Framework.csproj", "{A1231FB8-9501-4D02-BDF2-67268D02D8ED}"
EndProject
Project("{FAE04EC0-301F-11D3-BF4B-00C04F79EFBC}") = "Caching.Framework.Tests", "tests\Caching.Framework.Tests\Caching.Framework.Tests.csproj", "{F6B01F6B-3C8B-4130-8B1A-4106244F409E}"
EndProject
Global
	GlobalSection(SolutionConfigurationPlatforms) = preSolution
		Debug|Any CPU = Debug|Any CPU
		Release|Any CPU = Release|Any CPU
	EndGlobalSection
	GlobalSection(ProjectConfigurationPlatforms) = postSolution
		{A1231FB8-9501-4D02-BDF2-67268D02D8ED}.Debug|Any CPU.ActiveCfg = Debug|Any CPU
		{A1231FB8-9501-4D02-BDF2-67268D02D8ED}.Debug|Any CPU.Build.0 = Debug|Any CPU
		{A1231FB8-9501-4D02-BDF2-67268D02D8ED}.Release|Any CPU.ActiveCfg = Release|Any CPU
		{A1231FB8-9501-4D02-BDF2-67268D02D8ED}.Release|Any CPU.Build.0 = Release|Any CPU
		{F6B01F6B-3C8B-4130-8B1A-4106244F409E}.Debug|Any CPU.ActiveCfg = Debug|Any CPU
		{F6B01F6B-3C8B-4130-8B1A-4106244F409E}.Debug|Any CPU.Build.0 = Debug|Any CPU
		{F6B01F6B-3C8B-4130-8B1A-4106244F409E}.Release|Any CPU.ActiveCfg = Release|Any CPU
		{F6B01F6B-3C8B-4130-8B1A-4106244F409E}.Release|Any CPU.Build.0 = Release|Any CPU
	EndGlobalSection
	GlobalSection(SolutionProperties) = preSolution
		HideSolutionNode = FALSE
	EndGlobalSection
EndGlobal
