Microsoft Visual Studio Solution File, Format Version 12.00
# Visual Studio Version 17
VisualStudioVersion = 17.0.31903.59
MinimumVisualStudioVersion = 10.0.40219.1
Project("{FAE04EC0-301F-11D3-BF4B-00C04F79EFBC}") = "DistributedCache.Api", "src\DistributedCache.Api\DistributedCache.Api.csproj", "{9D2AA117-E179-42C2-A2E4-20D2F05B4B9A}"
EndProject
Project("{FAE04EC0-301F-11D3-BF4B-00C04F79EFBC}") = "DistributedCache.Api.Tests", "tests\DistributedCache.Api.Tests\DistributedCache.Api.Tests.csproj", "{8CF947D5-011A-4C1C-B33D-8F1319D4D2E0}"
EndProject
Global
	GlobalSection(SolutionConfigurationPlatforms) = preSolution
		Debug|Any CPU = Debug|Any CPU
		Release|Any CPU = Release|Any CPU
	EndGlobalSection
	GlobalSection(ProjectConfigurationPlatforms) = postSolution
		{9D2AA117-E179-42C2-A2E4-20D2F05B4B9A}.Debug|Any CPU.ActiveCfg = Debug|Any CPU
		{9D2AA117-E179-42C2-A2E4-20D2F05B4B9A}.Debug|Any CPU.Build.0 = Debug|Any CPU
		{9D2AA117-E179-42C2-A2E4-20D2F05B4B9A}.Release|Any CPU.ActiveCfg = Release|Any CPU
		{9D2AA117-E179-42C2-A2E4-20D2F05B4B9A}.Release|Any CPU.Build.0 = Release|Any CPU
		{8CF947D5-011A-4C1C-B33D-8F1319D4D2E0}.Debug|Any CPU.ActiveCfg = Debug|Any CPU
		{8CF947D5-011A-4C1C-B33D-8F1319D4D2E0}.Debug|Any CPU.Build.0 = Debug|Any CPU
		{8CF947D5-011A-4C1C-B33D-8F1319D4D2E0}.Release|Any CPU.ActiveCfg = Release|Any CPU
		{8CF947D5-011A-4C1C-B33D-8F1319D4D2E0}.Release|Any CPU.Build.0 = Release|Any CPU
	EndGlobalSection
	GlobalSection(SolutionProperties) = preSolution
		HideSolutionNode = FALSE
	EndGlobalSection
EndGlobal
